
Microsoft Visual Studio Solution File, Format Version 12.00
# Visual Studio Version 17
VisualStudioVersion = 17.14.36429.23 d17.14
MinimumVisualStudioVersion = 10.0.40219.1
Project("{FAE04EC0-301F-11D3-BF4B-00C04F79EFBC}") = "BuyPoint", "BuyPoint\BuyPoint.csproj", "{E8B5AFE3-EB62-4CEB-9F01-BF258D4E3795}"
EndProject
Global
	GlobalSection(SolutionConfigurationPlatforms) = preSolution
		Debug|Any CPU = Debug|Any CPU
		Release|Any CPU = Release|Any CPU
	EndGlobalSection
	GlobalSection(ProjectConfigurationPlatforms) = postSolution
		{E8B5AFE3-EB62-4CEB-9F01-BF258D4E3795}.Debug|Any CPU.ActiveCfg = Debug|Any CPU
		{E8B5AFE3-EB62-4CEB-9F01-BF258D4E3795}.Debug|Any CPU.Build.0 = Debug|Any CPU
		{E8B5AFE3-EB62-4CEB-9F01-BF258D4E3795}.Release|Any CPU.ActiveCfg = Release|Any CPU
		{E8B5AFE3-EB62-4CEB-9F01-BF258D4E3795}.Release|Any CPU.Build.0 = Release|Any CPU
	EndGlobalSection
	GlobalSection(SolutionProperties) = preSolution
		HideSolutionNode = FALSE
	EndGlobalSection
	GlobalSection(ExtensibilityGlobals) = postSolution
		SolutionGuid = {1CFCEDF1-560C-4537-8D95-2CEB8898C815}
	EndGlobalSection
EndGlobal
